
Microsoft Visual Studio Solution File, Format Version 12.00
# Visual Studio Version 17
VisualStudioVersion = 17.11.35431.28
MinimumVisualStudioVersion = 10.0.40219.1
Project("{FAE04EC0-301F-11D3-BF4B-00C04F79EFBC}") = "form_dinamico", "form_dinamico\form_dinamico.csproj", "{100D2692-F38E-4B3B-A9D3-E2688EF4DC14}"
EndProject
Global
	GlobalSection(SolutionConfigurationPlatforms) = preSolution
		Debug|Any CPU = Debug|Any CPU
		Release|Any CPU = Release|Any CPU
	EndGlobalSection
	GlobalSection(ProjectConfigurationPlatforms) = postSolution
		{100D2692-F38E-4B3B-A9D3-E2688EF4DC14}.Debug|Any CPU.ActiveCfg = Debug|Any CPU
		{100D2692-F38E-4B3B-A9D3-E2688EF4DC14}.Debug|Any CPU.Build.0 = Debug|Any CPU
		{100D2692-F38E-4B3B-A9D3-E2688EF4DC14}.Release|Any CPU.ActiveCfg = Release|Any CPU
		{100D2692-F38E-4B3B-A9D3-E2688EF4DC14}.Release|Any CPU.Build.0 = Release|Any CPU
	EndGlobalSection
	GlobalSection(SolutionProperties) = preSolution
		HideSolutionNode = FALSE
	EndGlobalSection
	GlobalSection(ExtensibilityGlobals) = postSolution
		SolutionGuid = {6388EAFE-4A13-4380-B471-718F5688C05E}
	EndGlobalSection
EndGlobal
